
Microsoft Visual Studio Solution File, Format Version 12.00
# Visual Studio 15
VisualStudioVersion = 15.0.27428.2002
MinimumVisualStudioVersion = 10.0.40219.1
Project("{8BC9CEB8-8B4A-11D0-8D11-00A0C91BC942}") = "AlgorithmPractice", "AlgorithmPractice\AlgorithmPractice.vcxproj", "{C97F8CCB-B1B8-433A-853F-2B903E826215}"
EndProject
Global
	GlobalSection(SolutionConfigurationPlatforms) = preSolution
		Debug|x64 = Debug|x64
		Debug|x86 = Debug|x86
		Release|x64 = Release|x64
		Release|x86 = Release|x86
	EndGlobalSection
	GlobalSection(ProjectConfigurationPlatforms) = postSolution
		{C97F8CCB-B1B8-433A-853F-2B903E826215}.Debug|x64.ActiveCfg = Debug|x64
		{C97F8CCB-B1B8-433A-853F-2B903E826215}.Debug|x64.Build.0 = Debug|x64
		{C97F8CCB-B1B8-433A-853F-2B903E826215}.Debug|x86.ActiveCfg = Debug|Win32
		{C97F8CCB-B1B8-433A-853F-2B903E826215}.Debug|x86.Build.0 = Debug|Win32
		{C97F8CCB-B1B8-433A-853F-2B903E826215}.Release|x64.ActiveCfg = Release|x64
		{C97F8CCB-B1B8-433A-853F-2B903E826215}.Release|x64.Build.0 = Release|x64
		{C97F8CCB-B1B8-433A-853F-2B903E826215}.Release|x86.ActiveCfg = Release|Win32
		{C97F8CCB-B1B8-433A-853F-2B903E826215}.Release|x86.Build.0 = Release|Win32
	EndGlobalSection
	GlobalSection(SolutionProperties) = preSolution
		HideSolutionNode = FALSE
	EndGlobalSection
	GlobalSection(ExtensibilityGlobals) = postSolution
		SolutionGuid = {08F54AAB-E645-4DBB-BA14-4A9BB73C96D0}
	EndGlobalSection
EndGlobal
